
Microsoft Visual Studio Solution File, Format Version 12.00
# Visual Studio 15
VisualStudioVersion = 15.0.27703.2026
MinimumVisualStudioVersion = 10.0.40219.1
Project("{FAE04EC0-301F-11D3-BF4B-00C04F79EFBC}") = "Puzzle 11", "Puzzle 11\Puzzle 11.csproj", "{6C908EA4-A13A-48A1-9524-7BAB0465861C}"
EndProject
Global
	GlobalSection(SolutionConfigurationPlatforms) = preSolution
		Debug|Any CPU = Debug|Any CPU
		Release|Any CPU = Release|Any CPU
	EndGlobalSection
	GlobalSection(ProjectConfigurationPlatforms) = postSolution
		{6C908EA4-A13A-48A1-9524-7BAB0465861C}.Debug|Any CPU.ActiveCfg = Debug|Any CPU
		{6C908EA4-A13A-48A1-9524-7BAB0465861C}.Debug|Any CPU.Build.0 = Debug|Any CPU
		{6C908EA4-A13A-48A1-9524-7BAB0465861C}.Release|Any CPU.ActiveCfg = Release|Any CPU
		{6C908EA4-A13A-48A1-9524-7BAB0465861C}.Release|Any CPU.Build.0 = Release|Any CPU
	EndGlobalSection
	GlobalSection(SolutionProperties) = preSolution
		HideSolutionNode = FALSE
	EndGlobalSection
	GlobalSection(ExtensibilityGlobals) = postSolution
		SolutionGuid = {54976A57-04D1-44DE-9354-237A20CBA20C}
	EndGlobalSection
EndGlobal
